# THIS IS AN AUTOGENERATED FILE. DO NOT EDIT THIS FILE DIRECTLY.
# yarn lockfile v1


vuetify@^2.2.21:
  version "2.2.21"
  resolved "https://registry.yarnpkg.com/vuetify/-/vuetify-2.2.21.tgz#f89d0d7e439470ab9138bca8a2034ce8e84a6e50"
  integrity sha512-xUgU7Cxpm6qZd1xY3I0NsJbdEErSPgb1iT4qeGOLD8uTGyXXc3IwYEpXqb2nH577RdeT0cTNpzM/NyNf2Fmpvw==
